
Microsoft Visual Studio Solution File, Format Version 12.00
# Visual Studio Version 17
VisualStudioVersion = 17.14.36518.9 d17.14
MinimumVisualStudioVersion = 10.0.40219.1
Project("{2150E333-8FDC-42A3-9474-1A3956D46DE8}") = "Task0", "Task0", "{02EA681E-C7D8-13C7-8484-4AC65E1B71E8}"
EndProject
Project("{FAE04EC0-301F-11D3-BF4B-00C04F79EFBC}") = "Tyuiu.KhisamutdinovaPR.Sprint1.Task.V2", "Tyuiu.KhisamutdinovaPR.Sprint1.Task.V2\Tyuiu.KhisamutdinovaPR.Sprint1.Task.V2.csproj", "{0C91874F-DD67-408E-BFF2-68375109FC50}"
EndProject
Project("{FAE04EC0-301F-11D3-BF4B-00C04F79EFBC}") = "Tyuiu.KhisamutdinovaPR.Sprint1.Task0.V2.Lib", "Tyuiu.KhisamutdinovaPR.Sprint1.Task0.V2.Lib\Tyuiu.KhisamutdinovaPR.Sprint1.Task0.V2.Lib.csproj", "{EFA9F134-7E67-4751-84BD-74A36868FADE}"
EndProject
Project("{FAE04EC0-301F-11D3-BF4B-00C04F79EFBC}") = "Tyuiu.KhisamutdinovaPR.Sprint1.Task0.V2.Test", "Tyuiu.KhisamutdinovaPR.Sprint1.Task0.V2.Test\Tyuiu.KhisamutdinovaPR.Sprint1.Task0.V2.Test.csproj", "{ADF6B6B3-3C52-4050-BC50-DC8AB364F7C2}"
EndProject
Global
	GlobalSection(SolutionConfigurationPlatforms) = preSolution
		Debug|Any CPU = Debug|Any CPU
		Release|Any CPU = Release|Any CPU
	EndGlobalSection
	GlobalSection(ProjectConfigurationPlatforms) = postSolution
		{0C91874F-DD67-408E-BFF2-68375109FC50}.Debug|Any CPU.ActiveCfg = Debug|Any CPU
		{0C91874F-DD67-408E-BFF2-68375109FC50}.Debug|Any CPU.Build.0 = Debug|Any CPU
		{0C91874F-DD67-408E-BFF2-68375109FC50}.Release|Any CPU.ActiveCfg = Release|Any CPU
		{0C91874F-DD67-408E-BFF2-68375109FC50}.Release|Any CPU.Build.0 = Release|Any CPU
		{EFA9F134-7E67-4751-84BD-74A36868FADE}.Debug|Any CPU.ActiveCfg = Debug|Any CPU
		{EFA9F134-7E67-4751-84BD-74A36868FADE}.Debug|Any CPU.Build.0 = Debug|Any CPU
		{EFA9F134-7E67-4751-84BD-74A36868FADE}.Release|Any CPU.ActiveCfg = Release|Any CPU
		{EFA9F134-7E67-4751-84BD-74A36868FADE}.Release|Any CPU.Build.0 = Release|Any CPU
		{ADF6B6B3-3C52-4050-BC50-DC8AB364F7C2}.Debug|Any CPU.ActiveCfg = Debug|Any CPU
		{ADF6B6B3-3C52-4050-BC50-DC8AB364F7C2}.Debug|Any CPU.Build.0 = Debug|Any CPU
		{ADF6B6B3-3C52-4050-BC50-DC8AB364F7C2}.Release|Any CPU.ActiveCfg = Release|Any CPU
		{ADF6B6B3-3C52-4050-BC50-DC8AB364F7C2}.Release|Any CPU.Build.0 = Release|Any CPU
	EndGlobalSection
	GlobalSection(SolutionProperties) = preSolution
		HideSolutionNode = FALSE
	EndGlobalSection
	GlobalSection(NestedProjects) = preSolution
		{0C91874F-DD67-408E-BFF2-68375109FC50} = {02EA681E-C7D8-13C7-8484-4AC65E1B71E8}
		{EFA9F134-7E67-4751-84BD-74A36868FADE} = {02EA681E-C7D8-13C7-8484-4AC65E1B71E8}
		{ADF6B6B3-3C52-4050-BC50-DC8AB364F7C2} = {02EA681E-C7D8-13C7-8484-4AC65E1B71E8}
	EndGlobalSection
	GlobalSection(ExtensibilityGlobals) = postSolution
		SolutionGuid = {D1B96843-D241-4B46-9B67-6D78364BD64A}
	EndGlobalSection
EndGlobal
