
Microsoft Visual Studio Solution File, Format Version 12.00
# Visual Studio Version 17
VisualStudioVersion = 17.14.36518.9
MinimumVisualStudioVersion = 10.0.40219.1
Project("{2150E333-8FDC-42A3-9474-1A3956D46DE8}") = "Task0", "Task0", "{02EA681E-C7D8-13C7-8484-4AC65E1B71E8}"
EndProject
Project("{FAE04EC0-301F-11D3-BF4B-00C04F79EFBC}") = "Tyuiu.KhisamutdinovaPR.Sprint1.Task0.V2.Lib", "Tyuiu.KhisamutdinovaPR.Sprint1.Task0.V2.Lib\Tyuiu.KhisamutdinovaPR.Sprint1.Task0.V2.Lib.csproj", "{EFA9F134-7E67-4751-84BD-74A36868FADE}"
EndProject
Project("{FAE04EC0-301F-11D3-BF4B-00C04F79EFBC}") = "Tyuiu.KhisamutdinovaPR.Sprint1.Task0.V2.Test", "Tyuiu.KhisamutdinovaPR.Sprint1.Task0.V2.Test\Tyuiu.KhisamutdinovaPR.Sprint1.Task0.V2.Test.csproj", "{ADF6B6B3-3C52-4050-BC50-DC8AB364F7C2}"
EndProject
Project("{FAE04EC0-301F-11D3-BF4B-00C04F79EFBC}") = "Tyuiu.KhisamutdinovaPR.Sprint1.Task0.V2", "Tyuiu.KhisamutdinovaPR.Sprint1.Task0.V2\Tyuiu.KhisamutdinovaPR.Sprint1.Task0.V2.csproj", "{90D32594-A204-48DE-8688-ABC6CC0E3526}"
EndProject
Project("{2150E333-8FDC-42A3-9474-1A3956D46DE8}") = "Task1", "Task1", "{B762C16B-8879-4B2C-ABC5-E1E0D56CE027}"
EndProject
Project("{FAE04EC0-301F-11D3-BF4B-00C04F79EFBC}") = "Tyuiu.KhisamutdinovaPR.Sprint1.Task1.V3", "Tyuiu.KhisamutdinovaPR.Sprint1.Task1.V3\Tyuiu.KhisamutdinovaPR.Sprint1.Task1.V3.csproj", "{9560158C-C76E-43FF-A427-783512E3B1F1}"
EndProject
Project("{FAE04EC0-301F-11D3-BF4B-00C04F79EFBC}") = "Tyuiu.KhisamutdinovaPR.Sprint1.Task1.V3.Test", "Tyuiu.KhisamutdinovaPR.Sprint1.Task1.V3.Test\Tyuiu.KhisamutdinovaPR.Sprint1.Task1.V3.Test.csproj", "{8B14B925-7C33-48E4-A925-37478A8C1B7A}"
EndProject
Project("{FAE04EC0-301F-11D3-BF4B-00C04F79EFBC}") = "Tyuiu.KhisamutdinovaPR.Sprint1.Task1.V3.Lib", "Tyuiu.KhisamutdinovaPR.Sprint1.Task1.V3.Lib\Tyuiu.KhisamutdinovaPR.Sprint1.Task1.V3.Lib.csproj", "{EC201850-6AD7-4BCE-8FC4-75C86D5A2A98}"
EndProject
Project("{2150E333-8FDC-42A3-9474-1A3956D46DE8}") = "Task2", "Task2", "{DFC4414A-A883-4DC3-81AD-9FCAEFE19DC9}"
EndProject
Project("{2150E333-8FDC-42A3-9474-1A3956D46DE8}") = "Task3", "Task3", "{AADC32FC-FD65-4CC7-B211-5FC59827EE04}"
EndProject
Project("{2150E333-8FDC-42A3-9474-1A3956D46DE8}") = "Task4", "Task4", "{D5B2DA1C-16CB-400B-9793-F694A3DE750B}"
EndProject
Project("{2150E333-8FDC-42A3-9474-1A3956D46DE8}") = "Task5", "Task5", "{BEB0768B-4D3D-4F6F-BB6E-B85A50F98A22}"
EndProject
Project("{2150E333-8FDC-42A3-9474-1A3956D46DE8}") = "Task6", "Task6", "{2E95A408-8871-4D06-A09D-72569C5148F1}"
EndProject
Project("{2150E333-8FDC-42A3-9474-1A3956D46DE8}") = "Task7", "Task7", "{396E7160-D94E-4811-B717-2108C8019C4D}"
EndProject
Project("{FAE04EC0-301F-11D3-BF4B-00C04F79EFBC}") = "Tyuiu.KhisamutdinovaPR.Sprint1.Task2.V6.Test", "Tyuiu.KhisamutdinovaPR.Sprint1.Task2.V6.Test\Tyuiu.KhisamutdinovaPR.Sprint1.Task2.V6.Test.csproj", "{2CE01D4B-9156-4712-87CC-263AAE100D7F}"
EndProject
Project("{FAE04EC0-301F-11D3-BF4B-00C04F79EFBC}") = "Tyuiu.KhisamutdinovaPR.Sprint1.Task2.V6.Lib", "Tyuiu.KhisamutdinovaPR.Sprint1.Task2.V6.Lib\Tyuiu.KhisamutdinovaPR.Sprint1.Task2.V6.Lib.csproj", "{C297D31B-E6D7-4765-A617-5D2C730425FA}"
EndProject
Project("{FAE04EC0-301F-11D3-BF4B-00C04F79EFBC}") = "Tyuiu.KhisamutdinovaPR.Sprint1.Task2.V6", "Tyuiu.KhisamutdinovaPR.Sprint1.Task2.V6\Tyuiu.KhisamutdinovaPR.Sprint1.Task2.V6.csproj", "{39FEEE6D-356B-4A6D-83D3-83F9C6DAD93C}"
EndProject
Project("{FAE04EC0-301F-11D3-BF4B-00C04F79EFBC}") = "Tyuiu.KhisamutdinovaPR.Sprint1.Task3.V4", "Tyuiu.KhisamutdinovaPR.Sprint1.Task3.V4\Tyuiu.KhisamutdinovaPR.Sprint1.Task3.V4.csproj", "{AAC9FE39-E8F3-43B1-859D-314A538A756A}"
EndProject
Project("{FAE04EC0-301F-11D3-BF4B-00C04F79EFBC}") = "Tyuiu.KhisamutdinovaPR.Sprint1.Task3.V4.Lib", "Tyuiu.KhisamutdinovaPR.Sprint1.Task3.V4.Lib\Tyuiu.KhisamutdinovaPR.Sprint1.Task3.V4.Lib.csproj", "{22F11244-FDFE-4C54-A568-DC65BFC0C4B0}"
EndProject
Project("{FAE04EC0-301F-11D3-BF4B-00C04F79EFBC}") = "Tyuiu.KhisamutdinovaPR.Sprint1.Task3.V4.Test", "Tyuiu.KhisamutdinovaPR.Sprint1.Task3.V4.Test\Tyuiu.KhisamutdinovaPR.Sprint1.Task3.V4.Test.csproj", "{BB8D1BD6-8A94-43EF-A07F-10577030F2E0}"
EndProject
Project("{FAE04EC0-301F-11D3-BF4B-00C04F79EFBC}") = "Tyuiu.KhisamutdinovaPR.Sprint1.Task4.V23", "Tyuiu.KhisamutdinovaPR.Sprint1.Task4.V23\Tyuiu.KhisamutdinovaPR.Sprint1.Task4.V23.csproj", "{596862C1-D7C6-467B-8E62-F0943169D7E9}"
EndProject
Project("{FAE04EC0-301F-11D3-BF4B-00C04F79EFBC}") = "Tyuiu.KhisamutdinovaPR.Sprint1.Task4.V23.Lib", "Tyuiu.KhisamutdinovaPR.Sprint1.Task4.V23.Lib\Tyuiu.KhisamutdinovaPR.Sprint1.Task4.V23.Lib.csproj", "{4695191A-5EC0-4DCB-8333-FDC85AE2215F}"
EndProject
Project("{FAE04EC0-301F-11D3-BF4B-00C04F79EFBC}") = "Tyuiu.KhisamutdinovaPR.Sprint1.Task4.V23.Test", "Tyuiu.KhisamutdinovaPR.Sprint1.Task4.V23.Test\Tyuiu.KhisamutdinovaPR.Sprint1.Task4.V23.Test.csproj", "{EB7308F5-5FD3-4A1C-BAB3-D5F7737E5D54}"
EndProject
Project("{FAE04EC0-301F-11D3-BF4B-00C04F79EFBC}") = "Tyuiu.KhisamutdinovaPR.Sprint1.Task5.V4", "Tyuiu.KhisamutdinovaPR.Sprint1.Task5.V4\Tyuiu.KhisamutdinovaPR.Sprint1.Task5.V4.csproj", "{936337EB-EB0F-48E7-8756-1DE739379705}"
EndProject
Project("{FAE04EC0-301F-11D3-BF4B-00C04F79EFBC}") = "Tyuiu.KhisamutdinovaPR.Sprint1.Task5.V4.Lib", "Tyuiu.KhisamutdinovaPR.Sprint1.Task5.V4.Lib\Tyuiu.KhisamutdinovaPR.Sprint1.Task5.V4.Lib.csproj", "{7F2DADB5-EC5E-499F-BA5F-B7B8232E5457}"
EndProject
Project("{FAE04EC0-301F-11D3-BF4B-00C04F79EFBC}") = "Tyuiu.KhisamutdinovaPR.Sprint1.Task5.V4.Test", "Tyuiu.KhisamutdinovaPR.Sprint1.Task5.V4.Test\Tyuiu.KhisamutdinovaPR.Sprint1.Task5.V4.Test.csproj", "{4CE8B195-15B1-42B9-A7E6-C1B3EFD8C192}"
EndProject
Global
	GlobalSection(SolutionConfigurationPlatforms) = preSolution
		Debug|Any CPU = Debug|Any CPU
		Release|Any CPU = Release|Any CPU
	EndGlobalSection
	GlobalSection(ProjectConfigurationPlatforms) = postSolution
		{EFA9F134-7E67-4751-84BD-74A36868FADE}.Debug|Any CPU.ActiveCfg = Debug|Any CPU
		{EFA9F134-7E67-4751-84BD-74A36868FADE}.Debug|Any CPU.Build.0 = Debug|Any CPU
		{EFA9F134-7E67-4751-84BD-74A36868FADE}.Release|Any CPU.ActiveCfg = Release|Any CPU
		{EFA9F134-7E67-4751-84BD-74A36868FADE}.Release|Any CPU.Build.0 = Release|Any CPU
		{ADF6B6B3-3C52-4050-BC50-DC8AB364F7C2}.Debug|Any CPU.ActiveCfg = Debug|Any CPU
		{ADF6B6B3-3C52-4050-BC50-DC8AB364F7C2}.Debug|Any CPU.Build.0 = Debug|Any CPU
		{ADF6B6B3-3C52-4050-BC50-DC8AB364F7C2}.Release|Any CPU.ActiveCfg = Release|Any CPU
		{ADF6B6B3-3C52-4050-BC50-DC8AB364F7C2}.Release|Any CPU.Build.0 = Release|Any CPU
		{90D32594-A204-48DE-8688-ABC6CC0E3526}.Debug|Any CPU.ActiveCfg = Debug|Any CPU
		{90D32594-A204-48DE-8688-ABC6CC0E3526}.Debug|Any CPU.Build.0 = Debug|Any CPU
		{90D32594-A204-48DE-8688-ABC6CC0E3526}.Release|Any CPU.ActiveCfg = Release|Any CPU
		{90D32594-A204-48DE-8688-ABC6CC0E3526}.Release|Any CPU.Build.0 = Release|Any CPU
		{9560158C-C76E-43FF-A427-783512E3B1F1}.Debug|Any CPU.ActiveCfg = Debug|Any CPU
		{9560158C-C76E-43FF-A427-783512E3B1F1}.Debug|Any CPU.Build.0 = Debug|Any CPU
		{9560158C-C76E-43FF-A427-783512E3B1F1}.Release|Any CPU.ActiveCfg = Release|Any CPU
		{9560158C-C76E-43FF-A427-783512E3B1F1}.Release|Any CPU.Build.0 = Release|Any CPU
		{8B14B925-7C33-48E4-A925-37478A8C1B7A}.Debug|Any CPU.ActiveCfg = Debug|Any CPU
		{8B14B925-7C33-48E4-A925-37478A8C1B7A}.Debug|Any CPU.Build.0 = Debug|Any CPU
		{8B14B925-7C33-48E4-A925-37478A8C1B7A}.Release|Any CPU.ActiveCfg = Release|Any CPU
		{8B14B925-7C33-48E4-A925-37478A8C1B7A}.Release|Any CPU.Build.0 = Release|Any CPU
		{EC201850-6AD7-4BCE-8FC4-75C86D5A2A98}.Debug|Any CPU.ActiveCfg = Debug|Any CPU
		{EC201850-6AD7-4BCE-8FC4-75C86D5A2A98}.Debug|Any CPU.Build.0 = Debug|Any CPU
		{EC201850-6AD7-4BCE-8FC4-75C86D5A2A98}.Release|Any CPU.ActiveCfg = Release|Any CPU
		{EC201850-6AD7-4BCE-8FC4-75C86D5A2A98}.Release|Any CPU.Build.0 = Release|Any CPU
		{2CE01D4B-9156-4712-87CC-263AAE100D7F}.Debug|Any CPU.ActiveCfg = Debug|Any CPU
		{2CE01D4B-9156-4712-87CC-263AAE100D7F}.Debug|Any CPU.Build.0 = Debug|Any CPU
		{2CE01D4B-9156-4712-87CC-263AAE100D7F}.Release|Any CPU.ActiveCfg = Release|Any CPU
		{2CE01D4B-9156-4712-87CC-263AAE100D7F}.Release|Any CPU.Build.0 = Release|Any CPU
		{C297D31B-E6D7-4765-A617-5D2C730425FA}.Debug|Any CPU.ActiveCfg = Debug|Any CPU
		{C297D31B-E6D7-4765-A617-5D2C730425FA}.Debug|Any CPU.Build.0 = Debug|Any CPU
		{C297D31B-E6D7-4765-A617-5D2C730425FA}.Release|Any CPU.ActiveCfg = Release|Any CPU
		{C297D31B-E6D7-4765-A617-5D2C730425FA}.Release|Any CPU.Build.0 = Release|Any CPU
		{39FEEE6D-356B-4A6D-83D3-83F9C6DAD93C}.Debug|Any CPU.ActiveCfg = Debug|Any CPU
		{39FEEE6D-356B-4A6D-83D3-83F9C6DAD93C}.Debug|Any CPU.Build.0 = Debug|Any CPU
		{39FEEE6D-356B-4A6D-83D3-83F9C6DAD93C}.Release|Any CPU.ActiveCfg = Release|Any CPU
		{39FEEE6D-356B-4A6D-83D3-83F9C6DAD93C}.Release|Any CPU.Build.0 = Release|Any CPU
		{AAC9FE39-E8F3-43B1-859D-314A538A756A}.Debug|Any CPU.ActiveCfg = Debug|Any CPU
		{AAC9FE39-E8F3-43B1-859D-314A538A756A}.Debug|Any CPU.Build.0 = Debug|Any CPU
		{AAC9FE39-E8F3-43B1-859D-314A538A756A}.Release|Any CPU.ActiveCfg = Release|Any CPU
		{AAC9FE39-E8F3-43B1-859D-314A538A756A}.Release|Any CPU.Build.0 = Release|Any CPU
		{22F11244-FDFE-4C54-A568-DC65BFC0C4B0}.Debug|Any CPU.ActiveCfg = Debug|Any CPU
		{22F11244-FDFE-4C54-A568-DC65BFC0C4B0}.Debug|Any CPU.Build.0 = Debug|Any CPU
		{22F11244-FDFE-4C54-A568-DC65BFC0C4B0}.Release|Any CPU.ActiveCfg = Release|Any CPU
		{22F11244-FDFE-4C54-A568-DC65BFC0C4B0}.Release|Any CPU.Build.0 = Release|Any CPU
		{BB8D1BD6-8A94-43EF-A07F-10577030F2E0}.Debug|Any CPU.ActiveCfg = Debug|Any CPU
		{BB8D1BD6-8A94-43EF-A07F-10577030F2E0}.Debug|Any CPU.Build.0 = Debug|Any CPU
		{BB8D1BD6-8A94-43EF-A07F-10577030F2E0}.Release|Any CPU.ActiveCfg = Release|Any CPU
		{BB8D1BD6-8A94-43EF-A07F-10577030F2E0}.Release|Any CPU.Build.0 = Release|Any CPU
		{596862C1-D7C6-467B-8E62-F0943169D7E9}.Debug|Any CPU.ActiveCfg = Debug|Any CPU
		{596862C1-D7C6-467B-8E62-F0943169D7E9}.Debug|Any CPU.Build.0 = Debug|Any CPU
		{596862C1-D7C6-467B-8E62-F0943169D7E9}.Release|Any CPU.ActiveCfg = Release|Any CPU
		{596862C1-D7C6-467B-8E62-F0943169D7E9}.Release|Any CPU.Build.0 = Release|Any CPU
		{4695191A-5EC0-4DCB-8333-FDC85AE2215F}.Debug|Any CPU.ActiveCfg = Debug|Any CPU
		{4695191A-5EC0-4DCB-8333-FDC85AE2215F}.Debug|Any CPU.Build.0 = Debug|Any CPU
		{4695191A-5EC0-4DCB-8333-FDC85AE2215F}.Release|Any CPU.ActiveCfg = Release|Any CPU
		{4695191A-5EC0-4DCB-8333-FDC85AE2215F}.Release|Any CPU.Build.0 = Release|Any CPU
		{EB7308F5-5FD3-4A1C-BAB3-D5F7737E5D54}.Debug|Any CPU.ActiveCfg = Debug|Any CPU
		{EB7308F5-5FD3-4A1C-BAB3-D5F7737E5D54}.Debug|Any CPU.Build.0 = Debug|Any CPU
		{EB7308F5-5FD3-4A1C-BAB3-D5F7737E5D54}.Release|Any CPU.ActiveCfg = Release|Any CPU
		{EB7308F5-5FD3-4A1C-BAB3-D5F7737E5D54}.Release|Any CPU.Build.0 = Release|Any CPU
		{936337EB-EB0F-48E7-8756-1DE739379705}.Debug|Any CPU.ActiveCfg = Debug|Any CPU
		{936337EB-EB0F-48E7-8756-1DE739379705}.Debug|Any CPU.Build.0 = Debug|Any CPU
		{936337EB-EB0F-48E7-8756-1DE739379705}.Release|Any CPU.ActiveCfg = Release|Any CPU
		{936337EB-EB0F-48E7-8756-1DE739379705}.Release|Any CPU.Build.0 = Release|Any CPU
		{7F2DADB5-EC5E-499F-BA5F-B7B8232E5457}.Debug|Any CPU.ActiveCfg = Debug|Any CPU
		{7F2DADB5-EC5E-499F-BA5F-B7B8232E5457}.Debug|Any CPU.Build.0 = Debug|Any CPU
		{7F2DADB5-EC5E-499F-BA5F-B7B8232E5457}.Release|Any CPU.ActiveCfg = Release|Any CPU
		{7F2DADB5-EC5E-499F-BA5F-B7B8232E5457}.Release|Any CPU.Build.0 = Release|Any CPU
		{4CE8B195-15B1-42B9-A7E6-C1B3EFD8C192}.Debug|Any CPU.ActiveCfg = Debug|Any CPU
		{4CE8B195-15B1-42B9-A7E6-C1B3EFD8C192}.Debug|Any CPU.Build.0 = Debug|Any CPU
		{4CE8B195-15B1-42B9-A7E6-C1B3EFD8C192}.Release|Any CPU.ActiveCfg = Release|Any CPU
		{4CE8B195-15B1-42B9-A7E6-C1B3EFD8C192}.Release|Any CPU.Build.0 = Release|Any CPU
	EndGlobalSection
	GlobalSection(SolutionProperties) = preSolution
		HideSolutionNode = FALSE
	EndGlobalSection
	GlobalSection(NestedProjects) = preSolution
		{EFA9F134-7E67-4751-84BD-74A36868FADE} = {02EA681E-C7D8-13C7-8484-4AC65E1B71E8}
		{ADF6B6B3-3C52-4050-BC50-DC8AB364F7C2} = {02EA681E-C7D8-13C7-8484-4AC65E1B71E8}
		{90D32594-A204-48DE-8688-ABC6CC0E3526} = {02EA681E-C7D8-13C7-8484-4AC65E1B71E8}
		{9560158C-C76E-43FF-A427-783512E3B1F1} = {B762C16B-8879-4B2C-ABC5-E1E0D56CE027}
		{8B14B925-7C33-48E4-A925-37478A8C1B7A} = {B762C16B-8879-4B2C-ABC5-E1E0D56CE027}
		{EC201850-6AD7-4BCE-8FC4-75C86D5A2A98} = {B762C16B-8879-4B2C-ABC5-E1E0D56CE027}
		{2CE01D4B-9156-4712-87CC-263AAE100D7F} = {DFC4414A-A883-4DC3-81AD-9FCAEFE19DC9}
		{C297D31B-E6D7-4765-A617-5D2C730425FA} = {DFC4414A-A883-4DC3-81AD-9FCAEFE19DC9}
		{39FEEE6D-356B-4A6D-83D3-83F9C6DAD93C} = {DFC4414A-A883-4DC3-81AD-9FCAEFE19DC9}
		{AAC9FE39-E8F3-43B1-859D-314A538A756A} = {AADC32FC-FD65-4CC7-B211-5FC59827EE04}
		{22F11244-FDFE-4C54-A568-DC65BFC0C4B0} = {AADC32FC-FD65-4CC7-B211-5FC59827EE04}
		{BB8D1BD6-8A94-43EF-A07F-10577030F2E0} = {AADC32FC-FD65-4CC7-B211-5FC59827EE04}
		{596862C1-D7C6-467B-8E62-F0943169D7E9} = {D5B2DA1C-16CB-400B-9793-F694A3DE750B}
		{4695191A-5EC0-4DCB-8333-FDC85AE2215F} = {D5B2DA1C-16CB-400B-9793-F694A3DE750B}
		{EB7308F5-5FD3-4A1C-BAB3-D5F7737E5D54} = {D5B2DA1C-16CB-400B-9793-F694A3DE750B}
		{936337EB-EB0F-48E7-8756-1DE739379705} = {BEB0768B-4D3D-4F6F-BB6E-B85A50F98A22}
		{7F2DADB5-EC5E-499F-BA5F-B7B8232E5457} = {BEB0768B-4D3D-4F6F-BB6E-B85A50F98A22}
		{4CE8B195-15B1-42B9-A7E6-C1B3EFD8C192} = {BEB0768B-4D3D-4F6F-BB6E-B85A50F98A22}
	EndGlobalSection
	GlobalSection(ExtensibilityGlobals) = postSolution
		SolutionGuid = {D1B96843-D241-4B46-9B67-6D78364BD64A}
	EndGlobalSection
EndGlobal
